
Microsoft Visual Studio Solution File, Format Version 12.00
# Visual Studio Version 17
VisualStudioVersion = 17.3.32929.385
MinimumVisualStudioVersion = 10.0.40219.1
Project("{FAE04EC0-301F-11D3-BF4B-00C04F79EFBC}") = "calculadora2", "calculadora2.csproj", "{416BB440-C2F0-4748-A162-C6CA691198E5}"
EndProject
Global
	GlobalSection(SolutionConfigurationPlatforms) = preSolution
		Debug|Any CPU = Debug|Any CPU
		Release|Any CPU = Release|Any CPU
	EndGlobalSection
	GlobalSection(ProjectConfigurationPlatforms) = postSolution
		{416BB440-C2F0-4748-A162-C6CA691198E5}.Debug|Any CPU.ActiveCfg = Debug|Any CPU
		{416BB440-C2F0-4748-A162-C6CA691198E5}.Debug|Any CPU.Build.0 = Debug|Any CPU
		{416BB440-C2F0-4748-A162-C6CA691198E5}.Release|Any CPU.ActiveCfg = Release|Any CPU
		{416BB440-C2F0-4748-A162-C6CA691198E5}.Release|Any CPU.Build.0 = Release|Any CPU
	EndGlobalSection
	GlobalSection(SolutionProperties) = preSolution
		HideSolutionNode = FALSE
	EndGlobalSection
	GlobalSection(ExtensibilityGlobals) = postSolution
		SolutionGuid = {C655BAD6-B214-46ED-B008-F9E4A46D03CB}
	EndGlobalSection
EndGlobal
